
Microsoft Visual Studio Solution File, Format Version 12.00
# Visual Studio Version 17
VisualStudioVersion = 17.14.36623.8
MinimumVisualStudioVersion = 10.0.40219.1
Project("{2150E333-8FDC-42A3-9474-1A3956D46DE8}") = "01-Distribuição", "01-Distribuição", "{02EA681E-C7D8-13C7-8484-4AC65E1B71E8}"
EndProject
Project("{FAE04EC0-301F-11D3-BF4B-00C04F79EFBC}") = "Locadora-de-Automoveis.WebAPI", "web-api\Locadora-de-Automoveis.WebAPI.csproj", "{E58CD31A-7391-BFB7-8DBE-2E516E7435FE}"
EndProject
Project("{2150E333-8FDC-42A3-9474-1A3956D46DE8}") = "02-Core", "02-Core", "{C928C1CC-7A91-4677-9DB5-D679347C9D61}"
EndProject
Project("{2150E333-8FDC-42A3-9474-1A3956D46DE8}") = "03-Infraestrutura", "03-Infraestrutura", "{369CB01D-A1A7-72D2-AABC-3F0945D148A2}"
EndProject
Project("{2150E333-8FDC-42A3-9474-1A3956D46DE8}") = "04-Testes", "04-Testes", "{7DC331D0-3EC4-40A6-69FB-1CBEB2E0D1EA}"
EndProject
Project("{FAE04EC0-301F-11D3-BF4B-00C04F79EFBC}") = "Locadora-de-Automoveis.Infraestrutura.ORM", "Locadora-de-Automoveis.Infraestrutura.ORM\Locadora-de-Automoveis.Infraestrutura.ORM.csproj", "{BF6344D6-BF05-4B65-ADEE-70B67CA769DE}"
EndProject
Project("{FAE04EC0-301F-11D3-BF4B-00C04F79EFBC}") = "Locadora-de-Automoveis.Core.Aplicacao", "Locadora-de-Automoveis.Core.Aplicacao\Locadora-de-Automoveis.Core.Aplicacao.csproj", "{9FC5C7A3-1D72-43F0-BFD9-2F7910A45717}"
EndProject
Project("{FAE04EC0-301F-11D3-BF4B-00C04F79EFBC}") = "Locadora-de-Automoveis.Core.Dominio", "Locadora-de-Automoveis.Core.Dominio\Locadora-de-Automoveis.Core.Dominio.csproj", "{BF4D1377-D54C-494B-B585-DB74359F49B2}"
EndProject
Global
	GlobalSection(SolutionConfigurationPlatforms) = preSolution
		Debug|Any CPU = Debug|Any CPU
		Release|Any CPU = Release|Any CPU
	EndGlobalSection
	GlobalSection(ProjectConfigurationPlatforms) = postSolution
		{E58CD31A-7391-BFB7-8DBE-2E516E7435FE}.Debug|Any CPU.ActiveCfg = Debug|Any CPU
		{E58CD31A-7391-BFB7-8DBE-2E516E7435FE}.Debug|Any CPU.Build.0 = Debug|Any CPU
		{E58CD31A-7391-BFB7-8DBE-2E516E7435FE}.Release|Any CPU.ActiveCfg = Release|Any CPU
		{E58CD31A-7391-BFB7-8DBE-2E516E7435FE}.Release|Any CPU.Build.0 = Release|Any CPU
		{BF6344D6-BF05-4B65-ADEE-70B67CA769DE}.Debug|Any CPU.ActiveCfg = Debug|Any CPU
		{BF6344D6-BF05-4B65-ADEE-70B67CA769DE}.Debug|Any CPU.Build.0 = Debug|Any CPU
		{BF6344D6-BF05-4B65-ADEE-70B67CA769DE}.Release|Any CPU.ActiveCfg = Release|Any CPU
		{BF6344D6-BF05-4B65-ADEE-70B67CA769DE}.Release|Any CPU.Build.0 = Release|Any CPU
		{9FC5C7A3-1D72-43F0-BFD9-2F7910A45717}.Debug|Any CPU.ActiveCfg = Debug|Any CPU
		{9FC5C7A3-1D72-43F0-BFD9-2F7910A45717}.Debug|Any CPU.Build.0 = Debug|Any CPU
		{9FC5C7A3-1D72-43F0-BFD9-2F7910A45717}.Release|Any CPU.ActiveCfg = Release|Any CPU
		{9FC5C7A3-1D72-43F0-BFD9-2F7910A45717}.Release|Any CPU.Build.0 = Release|Any CPU
		{BF4D1377-D54C-494B-B585-DB74359F49B2}.Debug|Any CPU.ActiveCfg = Debug|Any CPU
		{BF4D1377-D54C-494B-B585-DB74359F49B2}.Debug|Any CPU.Build.0 = Debug|Any CPU
		{BF4D1377-D54C-494B-B585-DB74359F49B2}.Release|Any CPU.ActiveCfg = Release|Any CPU
		{BF4D1377-D54C-494B-B585-DB74359F49B2}.Release|Any CPU.Build.0 = Release|Any CPU
	EndGlobalSection
	GlobalSection(SolutionProperties) = preSolution
		HideSolutionNode = FALSE
	EndGlobalSection
	GlobalSection(NestedProjects) = preSolution
		{E58CD31A-7391-BFB7-8DBE-2E516E7435FE} = {02EA681E-C7D8-13C7-8484-4AC65E1B71E8}
		{BF6344D6-BF05-4B65-ADEE-70B67CA769DE} = {369CB01D-A1A7-72D2-AABC-3F0945D148A2}
		{9FC5C7A3-1D72-43F0-BFD9-2F7910A45717} = {C928C1CC-7A91-4677-9DB5-D679347C9D61}
		{BF4D1377-D54C-494B-B585-DB74359F49B2} = {C928C1CC-7A91-4677-9DB5-D679347C9D61}
	EndGlobalSection
	GlobalSection(ExtensibilityGlobals) = postSolution
		SolutionGuid = {C42B427F-2643-4473-A4B4-E821638E875F}
	EndGlobalSection
EndGlobal
